github.com/andybalholm/brotli v1.2.0 h1:ukwgCxwYrmACq68yiUqwIWnGY0cTPox/M94sVwToPjQ=
github.com/andybalholm/brotli v1.2.0/go.mod h1:rzTDkvFWvIrjDXZHkuS16NPggd91W3kUSvPlQ1pLaKY=
github.com/erikbryant/dictionaries v0.3.0 h1:y0Z1ra7uM8TBBo+tok9SE53RQ1a1JF3Cs1DB+a9Cdpw=
github.com/erikbryant/dictionaries v0.3.0/go.mod h1:P4Xj19Jg1KQ8sxAfQprqpl9nWaZACjhNl9s2pt7sL4Y=
github.com/erikbryant/util-golang v0.5.0 h1:zfSYejUNRpn3W/1BAhRER5yE3/uXkmr1UbEurhT4BF8=
github.com/erikbryant/util-golang v0.5.0/go.mod h1:4otRhZuplgTv39jnXDG840lDeFiZBfNENQU6NAaPJZ8=
github.com/erikbryant/web v0.10.0 h1:pVq1phHzm0xigWBY7qGxTqg5Cd3qA60N9X/ZIdLfI0g=
github.com/erikbryant/web v0.10.0/go.mod h1:NNP71ST7uai5s5vV2s92LJQyoLlr67+fbz8spZJNW4c=
github.com/fatih/color v1.18.0 h1:S8gINlzdQ840/4pfAwic/ZE0djQEH3wM94VfqLTZcOM=
github.com/fatih/color v1.18.0/go.mod h1:4FelSpRwEGDpQ12mAdzqdOukCy4u8WUtOY6lkT/6HfU=
github.com/mattn/go-colorable v0.1.14 h1:9A9LHSqF/7dyVVX6g0U9cwm9pG3kP9gSzcuIPHPsaIE=
github.com/mattn/go-colorable v0.1.14/go.mod h1:6LmQG8QLFO4G5z1gPvYEzlUgJ2wF+stgPZH1UqBm1s8=
github.com/mattn/go-isatty v0.0.20 h1:xfD0iDuEKnDkl03q4limB+vH+GxLEtL/jb4xVJSWWEY=
github.com/mattn/go-isatty v0.0.20/go.mod h1:W+V8PltTTMOvKvAeJH7IuucS94S2C6jfK/D7dTCTo3Y=
github.com/xyproto/randomstring v1.0.5 h1:YtlWPoRdgMu3NZtP45drfy1GKoojuR7hmRcnhZqKjWU=
github.com/xyproto/randomstring v1.0.5/go.mod h1:rgmS5DeNXLivK7YprL0pY+lTuhNQW3iGxZ18UQApw/E=
golang.org/x/exp v0.0.0-20250911091902-df9299821621 h1:2id6c1/gto0kaHYyrixvknJ8tUK/Qs5IsmBtrc+FtgU=
golang.org/x/exp v0.0.0-20250911091902-df9299821621/go.mod h1:TwQYMMnGpvZyc+JpB/UAuTNIsVJifOlSkrZkhcvpVUk=
golang.org/x/sys v0.6.0/go.mod h1:oPkhp1MJrh7nUepCBck5+mAzfO9JrbApNNgaTdGDITg=
golang.org/x/sys v0.36.0 h1:KVRy2GtZBrk1cBYA7MKu5bEZFxQk4NIDV6RLVcC8o0k=
golang.org/x/sys v0.36.0/go.mod h1:OgkHotnGiDImocRcuBABYBEXf8A9a87e/uXjp9XT3ks=
